
Microsoft Visual Studio Solution File, Format Version 12.00
# Visual Studio 15
Project("{FAE04EC0-301F-11D3-BF4B-00C04F79EFBC}") = "Internationalization.Droid", "Internationalization.Droid\Internationalization.Droid.csproj", "{6491C775-7010-43F7-B42A-AE743396B250}"
EndProject
Project("{FAE04EC0-301F-11D3-BF4B-00C04F79EFBC}") = "Internationalization.Core", "Internationalization.Core\Internationalization.Core.csproj", "{AC5CBAD0-1098-4447-AFE6-538FBCF13909}"
EndProject
Global
	GlobalSection(SolutionConfigurationPlatforms) = preSolution
		Debug|Any CPU = Debug|Any CPU
		Release|Any CPU = Release|Any CPU
	EndGlobalSection
	GlobalSection(ProjectConfigurationPlatforms) = postSolution
		{6491C775-7010-43F7-B42A-AE743396B250}.Debug|Any CPU.ActiveCfg = Debug|Any CPU
		{6491C775-7010-43F7-B42A-AE743396B250}.Debug|Any CPU.Build.0 = Debug|Any CPU
		{6491C775-7010-43F7-B42A-AE743396B250}.Release|Any CPU.ActiveCfg = Release|Any CPU
		{6491C775-7010-43F7-B42A-AE743396B250}.Release|Any CPU.Build.0 = Release|Any CPU
		{AC5CBAD0-1098-4447-AFE6-538FBCF13909}.Debug|Any CPU.ActiveCfg = Debug|Any CPU
		{AC5CBAD0-1098-4447-AFE6-538FBCF13909}.Debug|Any CPU.Build.0 = Debug|Any CPU
		{AC5CBAD0-1098-4447-AFE6-538FBCF13909}.Release|Any CPU.ActiveCfg = Release|Any CPU
		{AC5CBAD0-1098-4447-AFE6-538FBCF13909}.Release|Any CPU.Build.0 = Release|Any CPU
	EndGlobalSection
EndGlobal
