
Microsoft Visual Studio Solution File, Format Version 12.00
# Visual Studio 15
Project("{FAE04EC0-301F-11D3-BF4B-00C04F79EFBC}") = "Internationalization.Droid", "Internationalization.Droid\Internationalization.Droid.csproj", "{6491C775-7010-43F7-B42A-AE743396B250}"
EndProject
Project("{FAE04EC0-301F-11D3-BF4B-00C04F79EFBC}") = "Internationalization.Core", "Internationalization.Core\Internationalization.Core.csproj", "{AC5CBAD0-1098-4447-AFE6-538FBCF13909}"
EndProject
Project("{FAE04EC0-301F-11D3-BF4B-00C04F79EFBC}") = "Internationalization.Touch", "Internationalization.Touch\Internationalization.Touch.csproj", "{18BEB7F5-C667-4204-B2AF-96A9D4C3F5F6}"
EndProject
Global
	GlobalSection(SolutionConfigurationPlatforms) = preSolution
		Debug|Any CPU = Debug|Any CPU
		Release|Any CPU = Release|Any CPU
		Debug|iPhoneSimulator = Debug|iPhoneSimulator
		Release|iPhone = Release|iPhone
		Release|iPhoneSimulator = Release|iPhoneSimulator
		Debug|iPhone = Debug|iPhone
	EndGlobalSection
	GlobalSection(ProjectConfigurationPlatforms) = postSolution
		{6491C775-7010-43F7-B42A-AE743396B250}.Debug|Any CPU.ActiveCfg = Debug|Any CPU
		{6491C775-7010-43F7-B42A-AE743396B250}.Debug|Any CPU.Build.0 = Debug|Any CPU
		{6491C775-7010-43F7-B42A-AE743396B250}.Release|Any CPU.ActiveCfg = Release|Any CPU
		{6491C775-7010-43F7-B42A-AE743396B250}.Release|Any CPU.Build.0 = Release|Any CPU
		{6491C775-7010-43F7-B42A-AE743396B250}.Debug|iPhoneSimulator.ActiveCfg = Debug|Any CPU
		{6491C775-7010-43F7-B42A-AE743396B250}.Debug|iPhoneSimulator.Build.0 = Debug|Any CPU
		{6491C775-7010-43F7-B42A-AE743396B250}.Release|iPhone.ActiveCfg = Release|Any CPU
		{6491C775-7010-43F7-B42A-AE743396B250}.Release|iPhone.Build.0 = Release|Any CPU
		{6491C775-7010-43F7-B42A-AE743396B250}.Release|iPhoneSimulator.ActiveCfg = Release|Any CPU
		{6491C775-7010-43F7-B42A-AE743396B250}.Release|iPhoneSimulator.Build.0 = Release|Any CPU
		{6491C775-7010-43F7-B42A-AE743396B250}.Debug|iPhone.ActiveCfg = Debug|Any CPU
		{6491C775-7010-43F7-B42A-AE743396B250}.Debug|iPhone.Build.0 = Debug|Any CPU
		{AC5CBAD0-1098-4447-AFE6-538FBCF13909}.Debug|Any CPU.ActiveCfg = Debug|Any CPU
		{AC5CBAD0-1098-4447-AFE6-538FBCF13909}.Debug|Any CPU.Build.0 = Debug|Any CPU
		{AC5CBAD0-1098-4447-AFE6-538FBCF13909}.Release|Any CPU.ActiveCfg = Release|Any CPU
		{AC5CBAD0-1098-4447-AFE6-538FBCF13909}.Release|Any CPU.Build.0 = Release|Any CPU
		{AC5CBAD0-1098-4447-AFE6-538FBCF13909}.Debug|iPhoneSimulator.ActiveCfg = Debug|Any CPU
		{AC5CBAD0-1098-4447-AFE6-538FBCF13909}.Debug|iPhoneSimulator.Build.0 = Debug|Any CPU
		{AC5CBAD0-1098-4447-AFE6-538FBCF13909}.Release|iPhone.ActiveCfg = Release|Any CPU
		{AC5CBAD0-1098-4447-AFE6-538FBCF13909}.Release|iPhone.Build.0 = Release|Any CPU
		{AC5CBAD0-1098-4447-AFE6-538FBCF13909}.Release|iPhoneSimulator.ActiveCfg = Release|Any CPU
		{AC5CBAD0-1098-4447-AFE6-538FBCF13909}.Release|iPhoneSimulator.Build.0 = Release|Any CPU
		{AC5CBAD0-1098-4447-AFE6-538FBCF13909}.Debug|iPhone.ActiveCfg = Debug|Any CPU
		{AC5CBAD0-1098-4447-AFE6-538FBCF13909}.Debug|iPhone.Build.0 = Debug|Any CPU
		{18BEB7F5-C667-4204-B2AF-96A9D4C3F5F6}.Debug|Any CPU.ActiveCfg = Debug|iPhoneSimulator
		{18BEB7F5-C667-4204-B2AF-96A9D4C3F5F6}.Debug|Any CPU.Build.0 = Debug|iPhoneSimulator
		{18BEB7F5-C667-4204-B2AF-96A9D4C3F5F6}.Release|Any CPU.ActiveCfg = Release|iPhone
		{18BEB7F5-C667-4204-B2AF-96A9D4C3F5F6}.Release|Any CPU.Build.0 = Release|iPhone
		{18BEB7F5-C667-4204-B2AF-96A9D4C3F5F6}.Debug|iPhoneSimulator.ActiveCfg = Debug|iPhoneSimulator
		{18BEB7F5-C667-4204-B2AF-96A9D4C3F5F6}.Debug|iPhoneSimulator.Build.0 = Debug|iPhoneSimulator
		{18BEB7F5-C667-4204-B2AF-96A9D4C3F5F6}.Release|iPhone.ActiveCfg = Release|iPhone
		{18BEB7F5-C667-4204-B2AF-96A9D4C3F5F6}.Release|iPhone.Build.0 = Release|iPhone
		{18BEB7F5-C667-4204-B2AF-96A9D4C3F5F6}.Release|iPhoneSimulator.ActiveCfg = Release|iPhoneSimulator
		{18BEB7F5-C667-4204-B2AF-96A9D4C3F5F6}.Release|iPhoneSimulator.Build.0 = Release|iPhoneSimulator
		{18BEB7F5-C667-4204-B2AF-96A9D4C3F5F6}.Debug|iPhone.ActiveCfg = Debug|iPhone
		{18BEB7F5-C667-4204-B2AF-96A9D4C3F5F6}.Debug|iPhone.Build.0 = Debug|iPhone
	EndGlobalSection
EndGlobal
